
Microsoft Visual Studio Solution File, Format Version 12.00
# Visual Studio Version 17
VisualStudioVersion = 17.11.35222.181
MinimumVisualStudioVersion = 10.0.40219.1
Project("{8BC9CEB8-8B4A-11D0-8D11-00A0C91BC942}") = "Buoi1", "Buoi1\Buoi1.vcxproj", "{FC7750E9-9E05-4236-A5D5-A5F90D6EEAB8}"
EndProject
Project("{8BC9CEB8-8B4A-11D0-8D11-00A0C91BC942}") = "Buoi 2", "Buoi 2\Buoi 2.vcxproj", "{98CF46B6-2092-4435-9B56-FDC783E519A6}"
EndProject
Project("{8BC9CEB8-8B4A-11D0-8D11-00A0C91BC942}") = "Buoi 3", "Buoi 3\Buoi 3.vcxproj", "{D3FB1EB5-A272-4E63-94B3-B9DA58260A40}"
EndProject
Global
	GlobalSection(SolutionConfigurationPlatforms) = preSolution
		Debug|x64 = Debug|x64
		Debug|x86 = Debug|x86
		Release|x64 = Release|x64
		Release|x86 = Release|x86
	EndGlobalSection
	GlobalSection(ProjectConfigurationPlatforms) = postSolution
		{FC7750E9-9E05-4236-A5D5-A5F90D6EEAB8}.Debug|x64.ActiveCfg = Debug|x64
		{FC7750E9-9E05-4236-A5D5-A5F90D6EEAB8}.Debug|x64.Build.0 = Debug|x64
		{FC7750E9-9E05-4236-A5D5-A5F90D6EEAB8}.Debug|x86.ActiveCfg = Debug|Win32
		{FC7750E9-9E05-4236-A5D5-A5F90D6EEAB8}.Debug|x86.Build.0 = Debug|Win32
		{FC7750E9-9E05-4236-A5D5-A5F90D6EEAB8}.Release|x64.ActiveCfg = Release|x64
		{FC7750E9-9E05-4236-A5D5-A5F90D6EEAB8}.Release|x64.Build.0 = Release|x64
		{FC7750E9-9E05-4236-A5D5-A5F90D6EEAB8}.Release|x86.ActiveCfg = Release|Win32
		{FC7750E9-9E05-4236-A5D5-A5F90D6EEAB8}.Release|x86.Build.0 = Release|Win32
		{98CF46B6-2092-4435-9B56-FDC783E519A6}.Debug|x64.ActiveCfg = Debug|x64
		{98CF46B6-2092-4435-9B56-FDC783E519A6}.Debug|x64.Build.0 = Debug|x64
		{98CF46B6-2092-4435-9B56-FDC783E519A6}.Debug|x86.ActiveCfg = Debug|Win32
		{98CF46B6-2092-4435-9B56-FDC783E519A6}.Debug|x86.Build.0 = Debug|Win32
		{98CF46B6-2092-4435-9B56-FDC783E519A6}.Release|x64.ActiveCfg = Release|x64
		{98CF46B6-2092-4435-9B56-FDC783E519A6}.Release|x64.Build.0 = Release|x64
		{98CF46B6-2092-4435-9B56-FDC783E519A6}.Release|x86.ActiveCfg = Release|Win32
		{98CF46B6-2092-4435-9B56-FDC783E519A6}.Release|x86.Build.0 = Release|Win32
		{D3FB1EB5-A272-4E63-94B3-B9DA58260A40}.Debug|x64.ActiveCfg = Debug|x64
		{D3FB1EB5-A272-4E63-94B3-B9DA58260A40}.Debug|x64.Build.0 = Debug|x64
		{D3FB1EB5-A272-4E63-94B3-B9DA58260A40}.Debug|x86.ActiveCfg = Debug|Win32
		{D3FB1EB5-A272-4E63-94B3-B9DA58260A40}.Debug|x86.Build.0 = Debug|Win32
		{D3FB1EB5-A272-4E63-94B3-B9DA58260A40}.Release|x64.ActiveCfg = Release|x64
		{D3FB1EB5-A272-4E63-94B3-B9DA58260A40}.Release|x64.Build.0 = Release|x64
		{D3FB1EB5-A272-4E63-94B3-B9DA58260A40}.Release|x86.ActiveCfg = Release|Win32
		{D3FB1EB5-A272-4E63-94B3-B9DA58260A40}.Release|x86.Build.0 = Release|Win32
	EndGlobalSection
	GlobalSection(SolutionProperties) = preSolution
		HideSolutionNode = FALSE
	EndGlobalSection
	GlobalSection(ExtensibilityGlobals) = postSolution
		SolutionGuid = {2080B77C-6FA5-4A50-95F4-A1CDF090AB27}
	EndGlobalSection
EndGlobal
